
Microsoft Visual Studio Solution File, Format Version 12.00
# Visual Studio Version 17
VisualStudioVersion = 17.9.34607.119
MinimumVisualStudioVersion = 10.0.40219.1
Project("{8BC9CEB8-8B4A-11D0-8D11-00A0C91BC942}") = "data_structure", "data_structure.vcxproj", "{1C0C1E05-1566-4045-BC5D-514407DB1150}"
EndProject
Global
	GlobalSection(SolutionConfigurationPlatforms) = preSolution
		Debug|x64 = Debug|x64
		Debug|x86 = Debug|x86
		Release|x64 = Release|x64
		Release|x86 = Release|x86
	EndGlobalSection
	GlobalSection(ProjectConfigurationPlatforms) = postSolution
		{1C0C1E05-1566-4045-BC5D-514407DB1150}.Debug|x64.ActiveCfg = Debug|x64
		{1C0C1E05-1566-4045-BC5D-514407DB1150}.Debug|x64.Build.0 = Debug|x64
		{1C0C1E05-1566-4045-BC5D-514407DB1150}.Debug|x86.ActiveCfg = Debug|Win32
		{1C0C1E05-1566-4045-BC5D-514407DB1150}.Debug|x86.Build.0 = Debug|Win32
		{1C0C1E05-1566-4045-BC5D-514407DB1150}.Release|x64.ActiveCfg = Release|x64
		{1C0C1E05-1566-4045-BC5D-514407DB1150}.Release|x64.Build.0 = Release|x64
		{1C0C1E05-1566-4045-BC5D-514407DB1150}.Release|x86.ActiveCfg = Release|Win32
		{1C0C1E05-1566-4045-BC5D-514407DB1150}.Release|x86.Build.0 = Release|Win32
	EndGlobalSection
	GlobalSection(SolutionProperties) = preSolution
		HideSolutionNode = FALSE
	EndGlobalSection
	GlobalSection(ExtensibilityGlobals) = postSolution
		SolutionGuid = {69174B2E-3D97-4C2A-8ABE-74E5E766FD6E}
	EndGlobalSection
EndGlobal
